
Microsoft Visual Studio Solution File, Format Version 12.00
# Visual Studio Version 17
VisualStudioVersion = 17.8.34205.153
MinimumVisualStudioVersion = 10.0.40219.1
Project("{FAE04EC0-301F-11D3-BF4B-00C04F79EFBC}") = "BooksManager", "BooksManager\BooksManager.csproj", "{7614F5BA-48C5-4B04-ABCB-F4608247B81D}"
EndProject
Global
	GlobalSection(SolutionConfigurationPlatforms) = preSolution
		Debug|Any CPU = Debug|Any CPU
		Release|Any CPU = Release|Any CPU
	EndGlobalSection
	GlobalSection(ProjectConfigurationPlatforms) = postSolution
		{7614F5BA-48C5-4B04-ABCB-F4608247B81D}.Debug|Any CPU.ActiveCfg = Debug|Any CPU
		{7614F5BA-48C5-4B04-ABCB-F4608247B81D}.Debug|Any CPU.Build.0 = Debug|Any CPU
		{7614F5BA-48C5-4B04-ABCB-F4608247B81D}.Release|Any CPU.ActiveCfg = Release|Any CPU
		{7614F5BA-48C5-4B04-ABCB-F4608247B81D}.Release|Any CPU.Build.0 = Release|Any CPU
	EndGlobalSection
	GlobalSection(SolutionProperties) = preSolution
		HideSolutionNode = FALSE
	EndGlobalSection
	GlobalSection(ExtensibilityGlobals) = postSolution
		SolutionGuid = {EA6B5E5D-E81F-4C7C-BF68-8F27EB02CC22}
	EndGlobalSection
EndGlobal
