
Microsoft Visual Studio Solution File, Format Version 12.00
# Visual Studio Version 17
VisualStudioVersion = 17.8.34205.153
MinimumVisualStudioVersion = 10.0.40219.1
Project("{FAE04EC0-301F-11D3-BF4B-00C04F79EFBC}") = "WinFormsAppTempltePattern", "WinFormsAppTempltePattern\WinFormsAppTempltePattern.csproj", "{32A923A4-1456-4C77-972F-A121F3FE75BE}"
EndProject
Global
	GlobalSection(SolutionConfigurationPlatforms) = preSolution
		Debug|Any CPU = Debug|Any CPU
		Release|Any CPU = Release|Any CPU
	EndGlobalSection
	GlobalSection(ProjectConfigurationPlatforms) = postSolution
		{32A923A4-1456-4C77-972F-A121F3FE75BE}.Debug|Any CPU.ActiveCfg = Debug|Any CPU
		{32A923A4-1456-4C77-972F-A121F3FE75BE}.Debug|Any CPU.Build.0 = Debug|Any CPU
		{32A923A4-1456-4C77-972F-A121F3FE75BE}.Release|Any CPU.ActiveCfg = Release|Any CPU
		{32A923A4-1456-4C77-972F-A121F3FE75BE}.Release|Any CPU.Build.0 = Release|Any CPU
	EndGlobalSection
	GlobalSection(SolutionProperties) = preSolution
		HideSolutionNode = FALSE
	EndGlobalSection
	GlobalSection(ExtensibilityGlobals) = postSolution
		SolutionGuid = {6DDF53ED-2E72-4092-9943-145050F71AB6}
	EndGlobalSection
EndGlobal
